
Microsoft Visual Studio Solution File, Format Version 12.00
# Visual Studio Express 14 for Windows Desktop
VisualStudioVersion = 14.0.25420.1
MinimumVisualStudioVersion = 10.0.40219.1
Project("{FAE04EC0-301F-11D3-BF4B-00C04F79EFBC}") = "Ejercicio4", "Ejercicio4\Ejercicio4.csproj", "{C5BD08D6-D4F9-42AF-82B3-B3B514CC420D}"
EndProject
Global
	GlobalSection(SolutionConfigurationPlatforms) = preSolution
		Debug|Any CPU = Debug|Any CPU
		Release|Any CPU = Release|Any CPU
	EndGlobalSection
	GlobalSection(ProjectConfigurationPlatforms) = postSolution
		{C5BD08D6-D4F9-42AF-82B3-B3B514CC420D}.Debug|Any CPU.ActiveCfg = Debug|Any CPU
		{C5BD08D6-D4F9-42AF-82B3-B3B514CC420D}.Debug|Any CPU.Build.0 = Debug|Any CPU
		{C5BD08D6-D4F9-42AF-82B3-B3B514CC420D}.Release|Any CPU.ActiveCfg = Release|Any CPU
		{C5BD08D6-D4F9-42AF-82B3-B3B514CC420D}.Release|Any CPU.Build.0 = Release|Any CPU
	EndGlobalSection
	GlobalSection(SolutionProperties) = preSolution
		HideSolutionNode = FALSE
	EndGlobalSection
EndGlobal
